
Microsoft Visual Studio Solution File, Format Version 12.00
# Visual Studio 15
VisualStudioVersion = 15.0.27130.2036
MinimumVisualStudioVersion = 10.0.40219.1
Project("{FAE04EC0-301F-11D3-BF4B-00C04F79EFBC}") = "twitter", "twitter\twitter.csproj", "{F0B261EA-8517-46AC-9815-2E5C9BDDBF0E}"
EndProject
Global
	GlobalSection(SolutionConfigurationPlatforms) = preSolution
		Debug|Any CPU = Debug|Any CPU
		Release|Any CPU = Release|Any CPU
	EndGlobalSection
	GlobalSection(ProjectConfigurationPlatforms) = postSolution
		{F0B261EA-8517-46AC-9815-2E5C9BDDBF0E}.Debug|Any CPU.ActiveCfg = Debug|Any CPU
		{F0B261EA-8517-46AC-9815-2E5C9BDDBF0E}.Debug|Any CPU.Build.0 = Debug|Any CPU
		{F0B261EA-8517-46AC-9815-2E5C9BDDBF0E}.Release|Any CPU.ActiveCfg = Release|Any CPU
		{F0B261EA-8517-46AC-9815-2E5C9BDDBF0E}.Release|Any CPU.Build.0 = Release|Any CPU
	EndGlobalSection
	GlobalSection(SolutionProperties) = preSolution
		HideSolutionNode = FALSE
	EndGlobalSection
	GlobalSection(ExtensibilityGlobals) = postSolution
		SolutionGuid = {421BAA08-3A47-4FE9-BB31-BB55683D3E19}
	EndGlobalSection
EndGlobal
